
Microsoft Visual Studio Solution File, Format Version 12.00
# Visual Studio Version 16
VisualStudioVersion = 16.0.30114.105
MinimumVisualStudioVersion = 10.0.40219.1
Project("{FAE04EC0-301F-11D3-BF4B-00C04F79EFBC}") = "HeyYo.Web.DataAccess", "HeyYo.Web.DataAccess\HeyYo.Web.DataAccess.csproj", "{A030DF51-F97B-4118-B589-06B4A1848AC1}"
EndProject
Project("{FAE04EC0-301F-11D3-BF4B-00C04F79EFBC}") = "HeyYo.Web.Repository", "HeyYo.Web.Repository\HeyYo.Web.Repository.csproj", "{26C4C668-26B5-40A7-AD50-450E76397D8E}"
EndProject
Project("{FAE04EC0-301F-11D3-BF4B-00C04F79EFBC}") = "HeyYo.Web.BusinessLogic", "HeyYo.Web.BusinessLogic\HeyYo.Web.BusinessLogic.csproj", "{CB444091-C7EA-4B50-B619-A0D0DC76A93D}"
EndProject
Project("{FAE04EC0-301F-11D3-BF4B-00C04F79EFBC}") = "HeyYo.Web.Server", "HeyYo.Web.Server\HeyYo.Web.Server.csproj", "{A3F8298A-5320-40C3-BD8C-03116E92F276}"
EndProject
Global
	GlobalSection(SolutionConfigurationPlatforms) = preSolution
		Debug|Any CPU = Debug|Any CPU
		Release|Any CPU = Release|Any CPU
	EndGlobalSection
	GlobalSection(ProjectConfigurationPlatforms) = postSolution
		{A030DF51-F97B-4118-B589-06B4A1848AC1}.Debug|Any CPU.ActiveCfg = Debug|Any CPU
		{A030DF51-F97B-4118-B589-06B4A1848AC1}.Debug|Any CPU.Build.0 = Debug|Any CPU
		{A030DF51-F97B-4118-B589-06B4A1848AC1}.Release|Any CPU.ActiveCfg = Release|Any CPU
		{A030DF51-F97B-4118-B589-06B4A1848AC1}.Release|Any CPU.Build.0 = Release|Any CPU
		{26C4C668-26B5-40A7-AD50-450E76397D8E}.Debug|Any CPU.ActiveCfg = Debug|Any CPU
		{26C4C668-26B5-40A7-AD50-450E76397D8E}.Debug|Any CPU.Build.0 = Debug|Any CPU
		{26C4C668-26B5-40A7-AD50-450E76397D8E}.Release|Any CPU.ActiveCfg = Release|Any CPU
		{26C4C668-26B5-40A7-AD50-450E76397D8E}.Release|Any CPU.Build.0 = Release|Any CPU
		{CB444091-C7EA-4B50-B619-A0D0DC76A93D}.Debug|Any CPU.ActiveCfg = Debug|Any CPU
		{CB444091-C7EA-4B50-B619-A0D0DC76A93D}.Debug|Any CPU.Build.0 = Debug|Any CPU
		{CB444091-C7EA-4B50-B619-A0D0DC76A93D}.Release|Any CPU.ActiveCfg = Release|Any CPU
		{CB444091-C7EA-4B50-B619-A0D0DC76A93D}.Release|Any CPU.Build.0 = Release|Any CPU
		{A3F8298A-5320-40C3-BD8C-03116E92F276}.Debug|Any CPU.ActiveCfg = Debug|Any CPU
		{A3F8298A-5320-40C3-BD8C-03116E92F276}.Debug|Any CPU.Build.0 = Debug|Any CPU
		{A3F8298A-5320-40C3-BD8C-03116E92F276}.Release|Any CPU.ActiveCfg = Release|Any CPU
		{A3F8298A-5320-40C3-BD8C-03116E92F276}.Release|Any CPU.Build.0 = Release|Any CPU
	EndGlobalSection
	GlobalSection(SolutionProperties) = preSolution
		HideSolutionNode = FALSE
	EndGlobalSection
	GlobalSection(ExtensibilityGlobals) = postSolution
		SolutionGuid = {08C0A651-B5DE-4C3C-9E44-EBDA4B01AEB7}
	EndGlobalSection
EndGlobal
